lockfileVersion: '6.0'

settings:
  autoInstallPeers: true
  excludeLinksFromLockfile: false

dependencies:
  d3:
    specifier: ^5.9.7
    version: 5.9.7
  d3-array:
    specifier: ^2.2.0
    version: 2.2.0
  d3-axis:
    specifier: ^1.0.12
    version: 1.0.12
  d3-color:
    specifier: ^1.3.0
    version: 1.3.0
  d3-dsv:
    specifier: ^1.1.1
    version: 1.1.1
  d3-fetch:
    specifier: ^1.1.2
    version: 1.1.2
  d3-scale:
    specifier: ^3.0.1
    version: 3.0.1
  d3-scale-chromatic:
    specifier: ^1.3.3
    version: 1.3.3
  d3-selection:
    specifier: ^1.4.0
    version: 1.4.0
  d3-transition:
    specifier: ^1.2.0
    version: 1.2.0
  sass:
    specifier: ^1.22.7
    version: 1.22.7

packages:

  /anymatch@3.0.3:
    resolution: {integrity: sha512-c6IvoeBECQlMVuYUjSwimnhmztImpErfxJzWZhIQinIvQWoGOnB0dLIgifbPHQt5heS6mNlaZG16f06H3C8t1g==}
    dependencies:
      normalize-path: 3.0.0
      picomatch: 2.0.7
    dev: false

  /binary-extensions@2.0.0:
    resolution: {integrity: sha512-Phlt0plgpIIBOGTT/ehfFnbNlfsDEiqmzE2KRXoX1bLIlir4X/MR+zSyBEkL05ffWgnRSf/DXv+WrUAVr93/ow==}
    engines: {node: '>=8'}
    dev: false

  /braces@3.0.2:
    resolution: {integrity: sha512-b8um+L1RzM3WDSzvhm6gIz1yfTbBt6YTlcEKAvsmqCZZFw46z626lVj9j1yEPW33H5H+lBQpZMP1k8l+78Ha0A==}
    engines: {node: '>=8'}
    dependencies:
      fill-range: 7.0.1
    dev: false

  /chokidar@3.0.2:
    resolution: {integrity: sha512-c4PR2egjNjI1um6bamCQ6bUNPDiyofNQruHvKgHQ4gDUP/ITSVSzNsiI5OWtHOsX323i5ha/kk4YmOZ1Ktg7KA==}
    engines: {node: '>= 8'}
    dependencies:
      anymatch: 3.0.3
      braces: 3.0.2
      glob-parent: 5.1.2
      is-binary-path: 2.1.0
      is-glob: 4.0.1
      normalize-path: 3.0.0
      readdirp: 3.1.1
    optionalDependencies:
      fsevents: 2.0.7
    dev: false

  /commander@2.20.0:
    resolution: {integrity: sha512-7j2y+40w61zy6YC2iRNpUe/NwhNyoXrYpHMrSunaMG64nRnaf96zO/KMQR4OyN/UnE5KLyEBnKHd4aG3rskjpQ==}
    dev: false

  /d3-array@1.2.4:
    resolution: {integrity: sha512-KHW6M86R+FUPYGb3R5XiYjXPq7VzwxZ22buHhAEVG5ztoEcZZMLov530mmccaqA1GghZArjQV46fuc8kUqhhHw==}
    dev: false

  /d3-array@2.2.0:
    resolution: {integrity: sha512-eE0QmSh6xToqM3sxHiJYg/QFdNn52ZEgmFE8A8abU8GsHvsIOolqH8B70/8+VGAKm5MlwaExhqR3DLIjOJMLPA==}
    dev: false

  /d3-array@2.3.1:
    resolution: {integrity: sha512-YlOh8kwqIz0pDECEdCeqVNelaLQXznD0g6yidhhklMgKxKqbNDrYfoudLMkk9THlqvFll+pXMmXYAyN49yWsmg==}
    dev: false

  /d3-axis@1.0.12:
    resolution: {integrity: sha512-ejINPfPSNdGFKEOAtnBtdkpr24c4d4jsei6Lg98mxf424ivoDP2956/5HDpIAtmHo85lqT4pruy+zEgvRUBqaQ==}
    dev: false

  /d3-brush@1.0.6:
    resolution: {integrity: sha512-lGSiF5SoSqO5/mYGD5FAeGKKS62JdA1EV7HPrU2b5rTX4qEJJtpjaGLJngjnkewQy7UnGstnFd3168wpf5z76w==}
    dependencies:
      d3-dispatch: 1.0.5
      d3-drag: 1.2.3
      d3-interpolate: 1.3.2
      d3-selection: 1.4.0
      d3-transition: 1.2.0
    dev: false

  /d3-chord@1.0.6:
    resolution: {integrity: sha512-JXA2Dro1Fxw9rJe33Uv+Ckr5IrAa74TlfDEhE/jfLOaXegMQFQTAgAw9WnZL8+HxVBRXaRGCkrNU7pJeylRIuA==}
    dependencies:
      d3-array: 1.2.4
      d3-path: 1.0.7
    dev: false

  /d3-collection@1.0.7:
    resolution: {integrity: sha512-ii0/r5f4sjKNTfh84Di+DpztYwqKhEyUlKoPrzUFfeSkWxjW49xU2QzO9qrPrNkpdI0XJkfzvmTu8V2Zylln6A==}
    dev: false

  /d3-color@1.2.8:
    resolution: {integrity: sha512-yeANXzP37PHk0DbSTMNPhnJD+Nn4G//O5E825bR6fAfHH43hobSBpgB9G9oWVl9+XgUaQ4yCnsX1H+l8DoaL9A==}
    dev: false

  /d3-color@1.3.0:
    resolution: {integrity: sha512-NHODMBlj59xPAwl2BDiO2Mog6V+PrGRtBfWKqKRrs9MCqlSkIEb0Z/SfY7jW29ReHTDC/j+vwXhnZcXI3+3fbg==}
    dev: false

  /d3-contour@1.3.2:
    resolution: {integrity: sha512-hoPp4K/rJCu0ladiH6zmJUEz6+u3lgR+GSm/QdM2BBvDraU39Vr7YdDCicJcxP1z8i9B/2dJLgDC1NcvlF8WCg==}
    dependencies:
      d3-array: 1.2.4
    dev: false

  /d3-dispatch@1.0.5:
    resolution: {integrity: sha512-vwKx+lAqB1UuCeklr6Jh1bvC4SZgbSqbkGBLClItFBIYH4vqDJCA7qfoy14lXmJdnBOdxndAMxjCbImJYW7e6g==}
    dev: false

  /d3-drag@1.2.3:
    resolution: {integrity: sha512-8S3HWCAg+ilzjJsNtWW1Mutl74Nmzhb9yU6igspilaJzeZVFktmY6oO9xOh5TDk+BM2KrNFjttZNoJJmDnkjkg==}
    dependencies:
      d3-dispatch: 1.0.5
      d3-selection: 1.4.0
    dev: false

  /d3-dsv@1.1.1:
    resolution: {integrity: sha512-1EH1oRGSkeDUlDRbhsFytAXU6cAmXFzc52YUe6MRlPClmWb85MP1J5x+YJRzya4ynZWnbELdSAvATFW/MbxaXw==}
    hasBin: true
    dependencies:
      commander: 2.20.0
      iconv-lite: 0.4.24
      rw: 1.3.3
    dev: false

  /d3-ease@1.0.5:
    resolution: {integrity: sha512-Ct1O//ly5y5lFM9YTdu+ygq7LleSgSE4oj7vUt9tPLHUi8VCV7QoizGpdWRWAwCO9LdYzIrQDg97+hGVdsSGPQ==}
    dev: false

  /d3-fetch@1.1.2:
    resolution: {integrity: sha512-S2loaQCV/ZeyTyIF2oP8D1K9Z4QizUzW7cWeAOAS4U88qOt3Ucf6GsmgthuYSdyB2HyEm4CeGvkQxWsmInsIVA==}
    dependencies:
      d3-dsv: 1.1.1
    dev: false

  /d3-force@1.2.1:
    resolution: {integrity: sha512-HHvehyaiUlVo5CxBJ0yF/xny4xoaxFxDnBXNvNcfW9adORGZfyNF1dj6DGLKyk4Yh3brP/1h3rnDzdIAwL08zg==}
    dependencies:
      d3-collection: 1.0.7
      d3-dispatch: 1.0.5
      d3-quadtree: 1.0.6
      d3-timer: 1.0.9
    dev: false

  /d3-format@1.3.2:
    resolution: {integrity: sha512-Z18Dprj96ExragQ0DeGi+SYPQ7pPfRMtUXtsg/ChVIKNBCzjO8XYJvRTC1usblx52lqge56V5ect+frYTQc8WQ==}
    dev: false

  /d3-geo@1.11.6:
    resolution: {integrity: sha512-z0J8InXR9e9wcgNtmVnPTj0TU8nhYT6lD/ak9may2PdKqXIeHUr8UbFLoCtrPYNsjv6YaLvSDQVl578k6nm7GA==}
    dependencies:
      d3-array: 1.2.4
    dev: false

  /d3-hierarchy@1.1.8:
    resolution: {integrity: sha512-L+GHMSZNwTpiq4rt9GEsNcpLa4M96lXMR8M/nMG9p5hBE0jy6C+3hWtyZMenPQdwla249iJy7Nx0uKt3n+u9+w==}
    dev: false

  /d3-interpolate@1.3.2:
    resolution: {integrity: sha512-NlNKGopqaz9qM1PXh9gBF1KSCVh+jSFErrSlD/4hybwoNX/gt1d8CDbDW+3i+5UOHhjC6s6nMvRxcuoMVNgL2w==}
    dependencies:
      d3-color: 1.3.0
    dev: false

  /d3-path@1.0.7:
    resolution: {integrity: sha512-q0cW1RpvA5c5ma2rch62mX8AYaiLX0+bdaSM2wxSU9tXjU4DNvkx9qiUvjkuWCj3p22UO/hlPivujqMiR9PDzA==}
    dev: false

  /d3-polygon@1.0.5:
    resolution: {integrity: sha512-RHhh1ZUJZfhgoqzWWuRhzQJvO7LavchhitSTHGu9oj6uuLFzYZVeBzaWTQ2qSO6bz2w55RMoOCf0MsLCDB6e0w==}
    dev: false

  /d3-quadtree@1.0.6:
    resolution: {integrity: sha512-NUgeo9G+ENQCQ1LsRr2qJg3MQ4DJvxcDNCiohdJGHt5gRhBW6orIB5m5FJ9kK3HNL8g9F4ERVoBzcEwQBfXWVA==}
    dev: false

  /d3-random@1.1.2:
    resolution: {integrity: sha512-6AK5BNpIFqP+cx/sreKzNjWbwZQCSUatxq+pPRmFIQaWuoD+NrbVWw7YWpHiXpCQ/NanKdtGDuB+VQcZDaEmYQ==}
    dev: false

  /d3-scale-chromatic@1.3.3:
    resolution: {integrity: sha512-BWTipif1CimXcYfT02LKjAyItX5gKiwxuPRgr4xM58JwlLocWbjPLI7aMEjkcoOQXMkYsmNsvv3d2yl/OKuHHw==}
    dependencies:
      d3-color: 1.2.8
      d3-interpolate: 1.3.2
    dev: false

  /d3-scale@2.2.2:
    resolution: {integrity: sha512-LbeEvGgIb8UMcAa0EATLNX0lelKWGYDQiPdHj+gLblGVhGLyNbaCn3EvrJf0A3Y/uOOU5aD6MTh5ZFCdEwGiCw==}
    dependencies:
      d3-array: 1.2.4
      d3-collection: 1.0.7
      d3-format: 1.3.2
      d3-interpolate: 1.3.2
      d3-time: 1.0.11
      d3-time-format: 2.1.3
    dev: false

  /d3-scale@3.0.1:
    resolution: {integrity: sha512-f+OsXyd0claf6ufjI52zBHyOnm6mmfFvYiGUU8UB2VumZpqCcxds5iWN1rcOACIHgw9MntTFLXmi4LBRmY4DwQ==}
    dependencies:
      d3-array: 2.3.1
      d3-format: 1.3.2
      d3-interpolate: 1.3.2
      d3-time: 1.0.11
      d3-time-format: 2.1.3
    dev: false

  /d3-selection@1.4.0:
    resolution: {integrity: sha512-EYVwBxQGEjLCKF2pJ4+yrErskDnz5v403qvAid96cNdCMr8rmCYfY5RGzWz24mdIbxmDf6/4EAH+K9xperD5jg==}
    dev: false

  /d3-shape@1.3.5:
    resolution: {integrity: sha512-VKazVR3phgD+MUCldapHD7P9kcrvPcexeX/PkMJmkUov4JM8IxsSg1DvbYoYich9AtdTsa5nNk2++ImPiDiSxg==}
    dependencies:
      d3-path: 1.0.7
    dev: false

  /d3-time-format@2.1.3:
    resolution: {integrity: sha512-6k0a2rZryzGm5Ihx+aFMuO1GgelgIz+7HhB4PH4OEndD5q2zGn1mDfRdNrulspOfR6JXkb2sThhDK41CSK85QA==}
    dependencies:
      d3-time: 1.0.11
    dev: false

  /d3-time@1.0.11:
    resolution: {integrity: sha512-Z3wpvhPLW4vEScGeIMUckDW7+3hWKOQfAWg/U7PlWBnQmeKQ00gCUsTtWSYulrKNA7ta8hJ+xXc6MHrMuITwEw==}
    dev: false

  /d3-timer@1.0.9:
    resolution: {integrity: sha512-rT34J5HnQUHhcLvhSB9GjCkN0Ddd5Y8nCwDBG2u6wQEeYxT/Lf51fTFFkldeib/sE/J0clIe0pnCfs6g/lRbyg==}
    dev: false

  /d3-transition@1.2.0:
    resolution: {integrity: sha512-VJ7cmX/FPIPJYuaL2r1o1EMHLttvoIuZhhuAlRoOxDzogV8iQS6jYulDm3xEU3TqL80IZIhI551/ebmCMrkvhw==}
    dependencies:
      d3-color: 1.3.0
      d3-dispatch: 1.0.5
      d3-ease: 1.0.5
      d3-interpolate: 1.3.2
      d3-selection: 1.4.0
      d3-timer: 1.0.9
    dev: false

  /d3-voronoi@1.1.4:
    resolution: {integrity: sha512-dArJ32hchFsrQ8uMiTBLq256MpnZjeuBtdHpaDlYuQyjU0CVzCJl/BVW+SkszaAeH95D/8gxqAhgx0ouAWAfRg==}
    dev: false

  /d3-zoom@1.7.3:
    resolution: {integrity: sha512-xEBSwFx5Z9T3/VrwDkMt+mr0HCzv7XjpGURJ8lWmIC8wxe32L39eWHIasEe/e7Ox8MPU4p1hvH8PKN2olLzIBg==}
    dependencies:
      d3-dispatch: 1.0.5
      d3-drag: 1.2.3
      d3-interpolate: 1.3.2
      d3-selection: 1.4.0
      d3-transition: 1.2.0
    dev: false

  /d3@5.9.7:
    resolution: {integrity: sha512-jENytrmdXtGPw7HuSK2S4gxRM1eUGjKvWQkQ6ct4yK+DB8SG3VcnVrwesfnsv8rIcxMUg18TafT4Q8mOZUMP4Q==}
    dependencies:
      d3-array: 1.2.4
      d3-axis: 1.0.12
      d3-brush: 1.0.6
      d3-chord: 1.0.6
      d3-collection: 1.0.7
      d3-color: 1.2.8
      d3-contour: 1.3.2
      d3-dispatch: 1.0.5
      d3-drag: 1.2.3
      d3-dsv: 1.1.1
      d3-ease: 1.0.5
      d3-fetch: 1.1.2
      d3-force: 1.2.1
      d3-format: 1.3.2
      d3-geo: 1.11.6
      d3-hierarchy: 1.1.8
      d3-interpolate: 1.3.2
      d3-path: 1.0.7
      d3-polygon: 1.0.5
      d3-quadtree: 1.0.6
      d3-random: 1.1.2
      d3-scale: 2.2.2
      d3-scale-chromatic: 1.3.3
      d3-selection: 1.4.0
      d3-shape: 1.3.5
      d3-time: 1.0.11
      d3-time-format: 2.1.3
      d3-timer: 1.0.9
      d3-transition: 1.2.0
      d3-voronoi: 1.1.4
      d3-zoom: 1.7.3
    dev: false

  /fill-range@7.0.1:
    resolution: {integrity: sha512-qOo9F+dMUmC2Lcb4BbVvnKJxTPjCm+RRpe4gDuGrzkL7mEVl/djYSu2OdQ2Pa302N4oqkSg9ir6jaLWJ2USVpQ==}
    engines: {node: '>=8'}
    dependencies:
      to-regex-range: 5.0.1
    dev: false

  /fsevents@2.0.7:
    resolution: {integrity: sha512-a7YT0SV3RB+DjYcppwVDLtn13UQnmg0SWZS7ezZD0UjnLwXmy8Zm21GMVGLaFGimIqcvyMQaOJBrop8MyOp1kQ==}
    engines: {node: ^8.16.0 || ^10.6.0 || >=11.0.0}
    os: [darwin]
    deprecated: '"Please update to latest v2.3 or v2.2"'
    requiresBuild: true
    dev: false
    optional: true

  /glob-parent@5.1.2:
    resolution: {integrity: sha512-AOIgSQCepiJYwP3ARnGx+5VnTu2HBYdzbGP45eLw1vr3zB3vZLeyed1sC9hnbcOc9/SrMyM5RPQrkGz4aS9Zow==}
    engines: {node: '>= 6'}
    dependencies:
      is-glob: 4.0.1
    dev: false

  /iconv-lite@0.4.24:
    resolution: {integrity: sha512-v3MXnZAcvnywkTUEZomIActle7RXXeedOR31wwl7VlyoXO4Qi9arvSenNQWne1TcRwhCL1HwLI21bEqdpj8/rA==}
    engines: {node: '>=0.10.0'}
    dependencies:
      safer-buffer: 2.1.2
    dev: false

  /is-binary-path@2.1.0:
    resolution: {integrity: sha512-ZMERYes6pDydyuGidse7OsHxtbI7WVeUEozgR/g7rd0xUimYNlvZRE/K2MgZTjWy725IfelLeVcEM97mmtRGXw==}
    engines: {node: '>=8'}
    dependencies:
      binary-extensions: 2.0.0
    dev: false

  /is-extglob@2.1.1:
    resolution: {integrity: sha512-SbKbANkN603Vi4jEZv49LeVJMn4yGwsbzZworEoyEiutsN3nJYdbO36zfhGJ6QEDpOZIFkDtnq5JRxmvl3jsoQ==}
    engines: {node: '>=0.10.0'}
    dev: false

  /is-glob@4.0.1:
    resolution: {integrity: sha512-5G0tKtBTFImOqDnLB2hG6Bp2qcKEFduo4tZu9MT/H6NQv/ghhy30o55ufafxJ/LdH79LLs2Kfrn85TLKyA7BUg==}
    engines: {node: '>=0.10.0'}
    dependencies:
      is-extglob: 2.1.1
    dev: false

  /is-number@7.0.0:
    resolution: {integrity: sha512-41Cifkg6e8TylSpdtTpeLVMqvSBEVzTttHvERD741+pnZ8ANv0004MRL43QKPDlK9cGvNp6NZWZUBlbGXYxxng==}
    engines: {node: '>=0.12.0'}
    dev: false

  /normalize-path@3.0.0:
    resolution: {integrity: sha512-6eZs5Ls3WtCisHWp9S2GUy8dqkpGi4BVSz3GaqiE6ezub0512ESztXUwUB6C6IKbQkY2Pnb/mD4WYojCRwcwLA==}
    engines: {node: '>=0.10.0'}
    dev: false

  /picomatch@2.0.7:
    resolution: {integrity: sha512-oLHIdio3tZ0qH76NybpeneBhYVj0QFTfXEFTc/B3zKQspYfYYkWYgFsmzo+4kvId/bQRcNkVeguI3y+CD22BtA==}
    engines: {node: '>=8'}
    dev: false

  /readdirp@3.1.1:
    resolution: {integrity: sha512-XXdSXZrQuvqoETj50+JAitxz1UPdt5dupjT6T5nVB+WvjMv2XKYj+s7hPeAVCXvmJrL36O4YYyWlIC3an2ePiQ==}
    engines: {node: '>= 8'}
    dependencies:
      picomatch: 2.0.7
    dev: false

  /rw@1.3.3:
    resolution: {integrity: sha1-P4Yt+pGrdmsUiF700BEkv9oHT7Q=}
    dev: false

  /safer-buffer@2.1.2:
    resolution: {integrity: sha512-YZo3K82SD7Riyi0E1EQPojLz7kpepnSQI9IyPbHHg1XXXevb5dJI7tpyN2ADxGcQbHG7vcyRHk0cbwqcQriUtg==}
    dev: false

  /sass@1.22.7:
    resolution: {integrity: sha512-ahREi0AdG7RTovSv14+yd1prQSfIvFcrDpOsth5EQf1+RM7SvOxsSttzNQaFmK1aa/k/3vyYwlYF5l0Xl+6c+g==}
    engines: {node: '>=0.11.8'}
    hasBin: true
    dependencies:
      chokidar: 3.0.2
    dev: false

  /to-regex-range@5.0.1:
    resolution: {integrity: sha512-65P7iz6X5yEr1cwcgvQxbbIw7Uk3gOy5dIdtZ4rDveLqhrdJP+Li/Hx6tyK0NEb+2GCyneCMJiGqrADCSNk8sQ==}
    engines: {node: '>=8.0'}
    dependencies:
      is-number: 7.0.0
    dev: false
